// !$*UTF8*$!
{
	archiveVersion = 1;
	classes = {
	};
	objectVersion = 48;
	objects = {

/* Begin PBXBuildFile section */
		6503B0842026AAC80050559D /* LoginViewController.swift in Sources */ = {isa = PBXBuildFile; fileRef = 6503B0832026AAC80050559D /* LoginViewController.swift */; };
		6503B0862026AF010050559D /* Config.swift in Sources */ = {isa = PBXBuildFile; fileRef = 6503B0852026AF010050559D /* Config.swift */; };
		6503B08A2026AF6D0050559D /* Constants.swift in Sources */ = {isa = PBXBuildFile; fileRef = 6503B0892026AF6D0050559D /* Constants.swift */; };
		65DC00AD2022A92D00F56D3E /* AppDelegate.swift in Sources */ = {isa = PBXBuildFile; fileRef = 65DC00AC2022A92D00F56D3E /* AppDelegate.swift */; };
		65DC00B22022A92D00F56D3E /* Main.storyboard in Resources */ = {isa = PBXBuildFile; fileRef = 65DC00B02022A92D00F56D3E /* Main.storyboard */; };
		65DC00B42022A92D00F56D3E /* Assets.xcassets in Resources */ = {isa = PBXBuildFile; fileRef = 65DC00B32022A92D00F56D3E /* Assets.xcassets */; };
		65DC00B72022A92D00F56D3E /* LaunchScreen.storyboard in Resources */ = {isa = PBXBuildFile; fileRef = 65DC00B52022A92D00F56D3E /* LaunchScreen.storyboard */; };
		65DC00C22022A92D00F56D3E /* My_Favorite_MoviesTests.swift in Sources */ = {isa = PBXBuildFile; fileRef = 65DC00C12022A92D00F56D3E /* My_Favorite_MoviesTests.swift */; };
		65DC00CD2022A92D00F56D3E /* My_Favorite_MoviesUITests.swift in Sources */ = {isa = PBXBuildFile; fileRef = 65DC00CC2022A92D00F56D3E /* My_Favorite_MoviesUITests.swift */; };
/* End PBXBuildFile section */

/* Begin PBXContainerItemProxy section */
		65DC00BE2022A92D00F56D3E /* PBXContainerItemProxy */ = {
			isa = PBXContainerItemProxy;
			containerPortal = 65DC00A12022A92D00F56D3E /* Project object */;
			proxyType = 1;
			remoteGlobalIDString = 65DC00A82022A92D00F56D3E;
			remoteInfo = "My Favorite Movies";
		};
		65DC00C92022A92D00F56D3E /* PBXContainerItemProxy */ = {
			isa = PBXContainerItemProxy;
			containerPortal = 65DC00A12022A92D00F56D3E /* Project object */;
			proxyType = 1;
			remoteGlobalIDString = 65DC00A82022A92D00F56D3E;
			remoteInfo = "My Favorite Movies";
		};
/* End PBXContainerItemProxy section */

/* Begin PBXFileReference section */
		6503B0832026AAC80050559D /* LoginViewController.swift */ = {isa = PBXFileReference; lastKnownFileType = sourcecode.swift; path = LoginViewController.swift; sourceTree = "<group>"; };
		6503B0852026AF010050559D /* Config.swift */ = {isa = PBXFileReference; lastKnownFileType = sourcecode.swift; path = Config.swift; sourceTree = "<group>"; };
		6503B0892026AF6D0050559D /* Constants.swift */ = {isa = PBXFileReference; lastKnownFileType = sourcecode.swift; path = Constants.swift; sourceTree = "<group>"; };
		65DC00A92022A92D00F56D3E /* My Favorite Movies.app */ = {isa = PBXFileReference; explicitFileType = wrapper.application; includeInIndex = 0; path = "My Favorite Movies.app"; sourceTree = BUILT_PRODUCTS_DIR; };
		65DC00AC2022A92D00F56D3E /* AppDelegate.swift */ = {isa = PBXFileReference; lastKnownFileType = sourcecode.swift; path = AppDelegate.swift; sourceTree = "<group>"; };
		65DC00B12022A92D00F56D3E /* Base */ = {isa = PBXFileReference; lastKnownFileType = file.storyboard; name = Base; path = Base.lproj/Main.storyboard; sourceTree = "<group>"; };
		65DC00B32022A92D00F56D3E /* Assets.xcassets */ = {isa = PBXFileReference; lastKnownFileType = folder.assetcatalog; path = Assets.xcassets; sourceTree = "<group>"; };
		65DC00B62022A92D00F56D3E /* Base */ = {isa = PBXFileReference; lastKnownFileType = file.storyboard; name = Base; path = Base.lproj/LaunchScreen.storyboard; sourceTree = "<group>"; };
		65DC00B82022A92D00F56D3E /* Info.plist */ = {isa = PBXFileReference; lastKnownFileType = text.plist.xml; path = Info.plist; sourceTree = "<group>"; };
		65DC00BD2022A92D00F56D3E /* My Favorite MoviesTests.xctest */ = {isa = PBXFileReference; explicitFileType = wrapper.cfbundle; includeInIndex = 0; path = "My Favorite MoviesTests.xctest"; sourceTree = BUILT_PRODUCTS_DIR; };
		65DC00C12022A92D00F56D3E /* My_Favorite_MoviesTests.swift */ = {isa = PBXFileReference; lastKnownFileType = sourcecode.swift; path = My_Favorite_MoviesTests.swift; sourceTree = "<group>"; };
		65DC00C32022A92D00F56D3E /* Info.plist */ = {isa = PBXFileReference; lastKnownFileType = text.plist.xml; path = Info.plist; sourceTree = "<group>"; };
		65DC00C82022A92D00F56D3E /* My Favorite MoviesUITests.xctest */ = {isa = PBXFileReference; explicitFileType = wrapper.cfbundle; includeInIndex = 0; path = "My Favorite MoviesUITests.xctest"; sourceTree = BUILT_PRODUCTS_DIR; };
		65DC00CC2022A92D00F56D3E /* My_Favorite_MoviesUITests.swift */ = {isa = PBXFileReference; lastKnownFileType = sourcecode.swift; path = My_Favorite_MoviesUITests.swift; sourceTree = "<group>"; };
		65DC00CE2022A92D00F56D3E /* Info.plist */ = {isa = PBXFileReference; lastKnownFileType = text.plist.xml; path = Info.plist; sourceTree = "<group>"; };
/* End PBXFileReference section */

/* Begin PBXFrameworksBuildPhase section */
		65DC00A62022A92D00F56D3E /* Frameworks */ = {
			isa = PBXFrameworksBuildPhase;
			buildActionMask = 2147483647;
			files = (
			);
			runOnlyForDeploymentPostprocessing = 0;
		};
		65DC00BA2022A92D00F56D3E /* Frameworks */ = {
			isa = PBXFrameworksBuildPhase;
			buildActionMask = 2147483647;
			files = (
			);
			runOnlyForDeploymentPostprocessing = 0;
		};
		65DC00C52022A92D00F56D3E /* Frameworks */ = {
			isa = PBXFrameworksBuildPhase;
			buildActionMask = 2147483647;
			files = (
			);
			runOnlyForDeploymentPostprocessing = 0;
		};
/* End PBXFrameworksBuildPhase section */

/* Begin PBXGroup section */
		65DC00A02022A92D00F56D3E = {
			isa = PBXGroup;
			children = (
				65DC00AB2022A92D00F56D3E /* My Favorite Movies */,
				65DC00C02022A92D00F56D3E /* My Favorite MoviesTests */,
				65DC00CB2022A92D00F56D3E /* My Favorite MoviesUITests */,
				65DC00AA2022A92D00F56D3E /* Products */,
			);
			sourceTree = "<group>";
		};
		65DC00AA2022A92D00F56D3E /* Products */ = {
			isa = PBXGroup;
			children = (
				65DC00A92022A92D00F56D3E /* My Favorite Movies.app */,
				65DC00BD2022A92D00F56D3E /* My Favorite MoviesTests.xctest */,
				65DC00C82022A92D00F56D3E /* My Favorite MoviesUITests.xctest */,
			);
			name = Products;
			sourceTree = "<group>";
		};
		65DC00AB2022A92D00F56D3E /* My Favorite Movies */ = {
			isa = PBXGroup;
			children = (
				65DC00AC2022A92D00F56D3E /* AppDelegate.swift */,
				6503B0832026AAC80050559D /* LoginViewController.swift */,
				6503B0852026AF010050559D /* Config.swift */,
				6503B0892026AF6D0050559D /* Constants.swift */,
				65DC00B02022A92D00F56D3E /* Main.storyboard */,
				65DC00B32022A92D00F56D3E /* Assets.xcassets */,
				65DC00B52022A92D00F56D3E /* LaunchScreen.storyboard */,
				65DC00B82022A92D00F56D3E /* Info.plist */,
			);
			path = "My Favorite Movies";
			sourceTree = "<group>";
		};
		65DC00C02022A92D00F56D3E /* My Favorite MoviesTests */ = {
			isa = PBXGroup;
			children = (
				65DC00C12022A92D00F56D3E /* My_Favorite_MoviesTests.swift */,
				65DC00C32022A92D00F56D3E /* Info.plist */,
			);
			path = "My Favorite MoviesTests";
			sourceTree = "<group>";
		};
		65DC00CB2022A92D00F56D3E /* My Favorite MoviesUITests */ = {
			isa = PBXGroup;
			children = (
				65DC00CC2022A92D00F56D3E /* My_Favorite_MoviesUITests.swift */,
				65DC00CE2022A92D00F56D3E /* Info.plist */,
			);
			path = "My Favorite MoviesUITests";
			sourceTree = "<group>";
		};
/* End PBXGroup section */

/* Begin PBXNativeTarget section */
		65DC00A82022A92D00F56D3E /* My Favorite Movies */ = {
			isa = PBXNativeTarget;
			buildConfigurationList = 65DC00D12022A92D00F56D3E /* Build configuration list for PBXNativeTarget "My Favorite Movies" */;
			buildPhases = (
				65DC00A52022A92D00F56D3E /* Sources */,
				65DC00A62022A92D00F56D3E /* Frameworks */,
				65DC00A72022A92D00F56D3E /* Resources */,
			);
			buildRules = (
			);
			dependencies = (
			);
			name = "My Favorite Movies";
			productName = "My Favorite Movies";
			productReference = 65DC00A92022A92D00F56D3E /* My Favorite Movies.app */;
			productType = "com.apple.product-type.application";
		};
		65DC00BC2022A92D00F56D3E /* My Favorite MoviesTests */ = {
			isa = PBXNativeTarget;
			buildConfigurationList = 65DC00D42022A92D00F56D3E /* Build configuration list for PBXNativeTarget "My Favorite MoviesTests" */;
			buildPhases = (
				65DC00B92022A92D00F56D3E /* Sources */,
				65DC00BA2022A92D00F56D3E /* Frameworks */,
				65DC00BB2022A92D00F56D3E /* Resources */,
			);
			buildRules = (
			);
			dependencies = (
				65DC00BF2022A92D00F56D3E /* PBXTargetDependency */,
			);
			name = "My Favorite MoviesTests";
			productName = "My Favorite MoviesTests";
			productReference = 65DC00BD2022A92D00F56D3E /* My Favorite MoviesTests.xctest */;
			productType = "com.apple.product-type.bundle.unit-test";
		};
		65DC00C72022A92D00F56D3E /* My Favorite MoviesUITests */ = {
			isa = PBXNativeTarget;
			buildConfigurationList = 65DC00D72022A92D00F56D3E /* Build configuration list for PBXNativeTarget "My Favorite MoviesUITests" */;
			buildPhases = (
				65DC00C42022A92D00F56D3E /* Sources */,
				65DC00C52022A92D00F56D3E /* Frameworks */,
				65DC00C62022A92D00F56D3E /* Resources */,
			);
			buildRules = (
			);
			dependencies = (
				65DC00CA2022A92D00F56D3E /* PBXTargetDependency */,
			);
			name = "My Favorite MoviesUITests";
			productName = "My Favorite MoviesUITests";
			productReference = 65DC00C82022A92D00F56D3E /* My Favorite MoviesUITests.xctest */;
			productType = "com.apple.product-type.bundle.ui-testing";
		};
/* End PBXNativeTarget section */

/* Begin PBXProject section */
		65DC00A12022A92D00F56D3E /* Project object */ = {
			isa = PBXProject;
			attributes = {
				LastSwiftUpdateCheck = 0920;
				LastUpgradeCheck = 0920;
				ORGANIZATIONNAME = "Vineet Joshi";
				TargetAttributes = {
					65DC00A82022A92D00F56D3E = {
						CreatedOnToolsVersion = 9.2;
						ProvisioningStyle = Automatic;
					};
					65DC00BC2022A92D00F56D3E = {
						CreatedOnToolsVersion = 9.2;
						ProvisioningStyle = Automatic;
						TestTargetID = 65DC00A82022A92D00F56D3E;
					};
					65DC00C72022A92D00F56D3E = {
						CreatedOnToolsVersion = 9.2;
						ProvisioningStyle = Automatic;
						TestTargetID = 65DC00A82022A92D00F56D3E;
					};
				};
			};
			buildConfigurationList = 65DC00A42022A92D00F56D3E /* Build configuration list for PBXProject "My Favorite Movies" */;
			compatibilityVersion = "Xcode 8.0";
			developmentRegion = en;
			hasScannedForEncodings = 0;
			knownRegions = (
				en,
				Base,
			);
			mainGroup = 65DC00A02022A92D00F56D3E;
			productRefGroup = 65DC00AA2022A92D00F56D3E /* Products */;
			projectDirPath = "";
			projectRoot = "";
			targets = (
				65DC00A82022A92D00F56D3E /* My Favorite Movies */,
				65DC00BC2022A92D00F56D3E /* My Favorite MoviesTests */,
				65DC00C72022A92D00F56D3E /* My Favorite MoviesUITests */,
			);
		};
/* End PBXProject section */

/* Begin PBXResourcesBuildPhase section */
		65DC00A72022A92D00F56D3E /* Resources */ = {
			isa = PBXResourcesBuildPhase;
			buildActionMask = 2147483647;
			files = (
				65DC00B72022A92D00F56D3E /* LaunchScreen.storyboard in Resources */,
				65DC00B42022A92D00F56D3E /* Assets.xcassets in Resources */,
				65DC00B22022A92D00F56D3E /* Main.storyboard in Resources */,
			);
			runOnlyForDeploymentPostprocessing = 0;
		};
		65DC00BB2022A92D00F56D3E /* Resources */ = {
			isa = PBXResourcesBuildPhase;
			buildActionMask = 2147483647;
			files = (
			);
			runOnlyForDeploymentPostprocessing = 0;
		};
		65DC00C62022A92D00F56D3E /* Resources */ = {
			isa = PBXResourcesBuildPhase;
			buildActionMask = 2147483647;
			files = (
			);
			runOnlyForDeploymentPostprocessing = 0;
		};
/* End PBXResourcesBuildPhase section */

/* Begin PBXSourcesBuildPhase section */
		65DC00A52022A92D00F56D3E /* Sources */ = {
			isa = PBXSourcesBuildPhase;
			buildActionMask = 2147483647;
			files = (
				6503B0842026AAC80050559D /* LoginViewController.swift in Sources */,
				65DC00AD2022A92D00F56D3E /* AppDelegate.swift in Sources */,
				6503B0862026AF010050559D /* Config.swift in Sources */,
				6503B08A2026AF6D0050559D /* Constants.swift in Sources */,
			);
			runOnlyForDeploymentPostprocessing = 0;
		};
		65DC00B92022A92D00F56D3E /* Sources */ = {
			isa = PBXSourcesBuildPhase;
			buildActionMask = 2147483647;
			files = (
				65DC00C22022A92D00F56D3E /* My_Favorite_MoviesTests.swift in Sources */,
			);
			runOnlyForDeploymentPostprocessing = 0;
		};
		65DC00C42022A92D00F56D3E /* Sources */ = {
			isa = PBXSourcesBuildPhase;
			buildActionMask = 2147483647;
			files = (
				65DC00CD2022A92D00F56D3E /* My_Favorite_MoviesUITests.swift in Sources */,
			);
			runOnlyForDeploymentPostprocessing = 0;
		};
/* End PBXSourcesBuildPhase section */

/* Begin PBXTargetDependency section */
		65DC00BF2022A92D00F56D3E /* PBXTargetDependency */ = {
			isa = PBXTargetDependency;
			target = 65DC00A82022A92D00F56D3E /* My Favorite Movies */;
			targetProxy = 65DC00BE2022A92D00F56D3E /* PBXContainerItemProxy */;
		};
		65DC00CA2022A92D00F56D3E /* PBXTargetDependency */ = {
			isa = PBXTargetDependency;
			target = 65DC00A82022A92D00F56D3E /* My Favorite Movies */;
			targetProxy = 65DC00C92022A92D00F56D3E /* PBXContainerItemProxy */;
		};
/* End PBXTargetDependency section */

/* Begin PBXVariantGroup section */
		65DC00B02022A92D00F56D3E /* Main.storyboard */ = {
			isa = PBXVariantGroup;
			children = (
				65DC00B12022A92D00F56D3E /* Base */,
			);
			name = Main.storyboard;
			sourceTree = "<group>";
		};
		65DC00B52022A92D00F56D3E /* LaunchScreen.storyboard */ = {
			isa = PBXVariantGroup;
			children = (
				65DC00B62022A92D00F56D3E /* Base */,
			);
			name = LaunchScreen.storyboard;
			sourceTree = "<group>";
		};
/* End PBXVariantGroup section */

/* Begin XCBuildConfiguration section */
		65DC00CF2022A92D00F56D3E /* Debug */ = {
			isa = XCBuildConfiguration;
			buildSettings = {
				ALWAYS_SEARCH_USER_PATHS = NO;
				CLANG_ANALYZER_NONNULL = YES;
				CLANG_ANALYZER_NUMBER_OBJECT_CONVERSION = YES_AGGRESSIVE;
				CLANG_CXX_LANGUAGE_STANDARD = "gnu++14";
				CLANG_CXX_LIBRARY = "libc++";
				CLANG_ENABLE_MODULES = YES;
				CLANG_ENABLE_OBJC_ARC = YES;
				CLANG_WARN_BLOCK_CAPTURE_AUTORELEASING = YES;
				CLANG_WARN_BOOL_CONVERSION = YES;
				CLANG_WARN_COMMA = YES;
				CLANG_WARN_CONSTANT_CONVERSION = YES;
				CLANG_WARN_DIRECT_OBJC_ISA_USAGE = YES_ERROR;
				CLANG_WARN_DOCUMENTATION_COMMENTS = YES;
				CLANG_WARN_EMPTY_BODY = YES;
				CLANG_WARN_ENUM_CONVERSION = YES;
				CLANG_WARN_INFINITE_RECURSION = YES;
				CLANG_WARN_INT_CONVERSION = YES;
				CLANG_WARN_NON_LITERAL_NULL_CONVERSION = YES;
				CLANG_WARN_OBJC_LITERAL_CONVERSION = YES;
				CLANG_WARN_OBJC_ROOT_CLASS = YES_ERROR;
				CLANG_WARN_RANGE_LOOP_ANALYSIS = YES;
				CLANG_WARN_STRICT_PROTOTYPES = YES;
				CLANG_WARN_SUSPICIOUS_MOVE = YES;
				CLANG_WARN_UNGUARDED_AVAILABILITY = YES_AGGRESSIVE;
				CLANG_WARN_UNREACHABLE_CODE = YES;
				CLANG_WARN__DUPLICATE_METHOD_MATCH = YES;
				CODE_SIGN_IDENTITY = "iPhone Developer";
				COPY_PHASE_STRIP = NO;
				DEBUG_INFORMATION_FORMAT = dwarf;
				ENABLE_STRICT_OBJC_MSGSEND = YES;
				ENABLE_TESTABILITY = YES;
				GCC_C_LANGUAGE_STANDARD = gnu11;
				GCC_DYNAMIC_NO_PIC = NO;
				GCC_NO_COMMON_BLOCKS = YES;
				GCC_OPTIMIZATION_LEVEL = 0;
				GCC_PREPROCESSOR_DEFINITIONS = (
					"DEBUG=1",
					"$(inherited)",
				);
				GCC_WARN_64_TO_32_BIT_CONVERSION = YES;
				GCC_WARN_ABOUT_RETURN_TYPE = YES_ERROR;
				GCC_WARN_UNDECLARED_SELECTOR = YES;
				GCC_WARN_UNINITIALIZED_AUTOS = YES_AGGRESSIVE;
				GCC_WARN_UNUSED_FUNCTION = YES;
				GCC_WARN_UNUSED_VARIABLE = YES;
				IPHONEOS_DEPLOYMENT_TARGET = 11.2;
				MTL_ENABLE_DEBUG_INFO = YES;
				ONLY_ACTIVE_ARCH = YES;
				SDKROOT = iphoneos;
				SWIFT_ACTIVE_COMPILATION_CONDITIONS = DEBUG;
				SWIFT_OPTIMIZATION_LEVEL = "-Onone";
			};
			name = Debug;
		};
		65DC00D02022A92D00F56D3E /* Release */ = {
			isa = XCBuildConfiguration;
			buildSettings = {
				ALWAYS_SEARCH_USER_PATHS = NO;
				CLANG_ANALYZER_NONNULL = YES;
				CLANG_ANALYZER_NUMBER_OBJECT_CONVERSION = YES_AGGRESSIVE;
				CLANG_CXX_LANGUAGE_STANDARD = "gnu++14";
				CLANG_CXX_LIBRARY = "libc++";
				CLANG_ENABLE_MODULES = YES;
				CLANG_ENABLE_OBJC_ARC = YES;
				CLANG_WARN_BLOCK_CAPTURE_AUTORELEASING = YES;
				CLANG_WARN_BOOL_CONVERSION = YES;
				CLANG_WARN_COMMA = YES;
				CLANG_WARN_CONSTANT_CONVERSION = YES;
				CLANG_WARN_DIRECT_OBJC_ISA_USAGE = YES_ERROR;
				CLANG_WARN_DOCUMENTATION_COMMENTS = YES;
				CLANG_WARN_EMPTY_BODY = YES;
				CLANG_WARN_ENUM_CONVERSION = YES;
				CLANG_WARN_INFINITE_RECURSION = YES;
				CLANG_WARN_INT_CONVERSION = YES;
				CLANG_WARN_NON_LITERAL_NULL_CONVERSION = YES;
				CLANG_WARN_OBJC_LITERAL_CONVERSION = YES;
				CLANG_WARN_OBJC_ROOT_CLASS = YES_ERROR;
				CLANG_WARN_RANGE_LOOP_ANALYSIS = YES;
				CLANG_WARN_STRICT_PROTOTYPES = YES;
				CLANG_WARN_SUSPICIOUS_MOVE = YES;
				CLANG_WARN_UNGUARDED_AVAILABILITY = YES_AGGRESSIVE;
				CLANG_WARN_UNREACHABLE_CODE = YES;
				CLANG_WARN__DUPLICATE_METHOD_MATCH = YES;
				CODE_SIGN_IDENTITY = "iPhone Developer";
				COPY_PHASE_STRIP = NO;
				DEBUG_INFORMATION_FORMAT = "dwarf-with-dsym";
				ENABLE_NS_ASSERTIONS = NO;
				ENABLE_STRICT_OBJC_MSGSEND = YES;
				GCC_C_LANGUAGE_STANDARD = gnu11;
				GCC_NO_COMMON_BLOCKS = YES;
				GCC_WARN_64_TO_32_BIT_CONVERSION = YES;
				GCC_WARN_ABOUT_RETURN_TYPE = YES_ERROR;
				GCC_WARN_UNDECLARED_SELECTOR = YES;
				GCC_WARN_UNINITIALIZED_AUTOS = YES_AGGRESSIVE;
				GCC_WARN_UNUSED_FUNCTION = YES;
				GCC_WARN_UNUSED_VARIABLE = YES;
				IPHONEOS_DEPLOYMENT_TARGET = 11.2;
				MTL_ENABLE_DEBUG_INFO = NO;
				SDKROOT = iphoneos;
				SWIFT_OPTIMIZATION_LEVEL = "-Owholemodule";
				VALIDATE_PRODUCT = YES;
			};
			name = Release;
		};
		65DC00D22022A92D00F56D3E /* Debug */ = {
			isa = XCBuildConfiguration;
			buildSettings = {
				ASSETCATALOG_COMPILER_APPICON_NAME = AppIcon;
				CODE_SIGN_STYLE = Automatic;
				DEVELOPMENT_TEAM = C9R438Z887;
				INFOPLIST_FILE = "My Favorite Movies/Info.plist";
				LD_RUNPATH_SEARCH_PATHS = "$(inherited) @executable_path/Frameworks";
				PRODUCT_BUNDLE_IDENTIFIER = "vineet0713.My-Favorite-Movies";
				PRODUCT_NAME = "$(TARGET_NAME)";
				SWIFT_VERSION = 4.0;
				TARGETED_DEVICE_FAMILY = "1,2";
			};
			name = Debug;
		};
		65DC00D32022A92D00F56D3E /* Release */ = {
			isa = XCBuildConfiguration;
			buildSettings = {
				ASSETCATALOG_COMPILER_APPICON_NAME = AppIcon;
				CODE_SIGN_STYLE = Automatic;
				DEVELOPMENT_TEAM = C9R438Z887;
				INFOPLIST_FILE = "My Favorite Movies/Info.plist";
				LD_RUNPATH_SEARCH_PATHS = "$(inherited) @executable_path/Frameworks";
				PRODUCT_BUNDLE_IDENTIFIER = "vineet0713.My-Favorite-Movies";
				PRODUCT_NAME = "$(TARGET_NAME)";
				SWIFT_VERSION = 4.0;
				TARGETED_DEVICE_FAMILY = "1,2";
			};
			name = Release;
		};
		65DC00D52022A92D00F56D3E /* Debug */ = {
			isa = XCBuildConfiguration;
			buildSettings = {
				ALWAYS_EMBED_SWIFT_STANDARD_LIBRARIES = YES;
				BUNDLE_LOADER = "$(TEST_HOST)";
				CODE_SIGN_STYLE = Automatic;
				DEVELOPMENT_TEAM = C9R438Z887;
				INFOPLIST_FILE = "My Favorite MoviesTests/Info.plist";
				LD_RUNPATH_SEARCH_PATHS = "$(inherited) @executable_path/Frameworks @loader_path/Frameworks";
				PRODUCT_BUNDLE_IDENTIFIER = "vineet0713.My-Favorite-MoviesTests";
				PRODUCT_NAME = "$(TARGET_NAME)";
				SWIFT_VERSION = 4.0;
				TARGETED_DEVICE_FAMILY = "1,2";
				TEST_HOST = "$(BUILT_PRODUCTS_DIR)/My Favorite Movies.app/My Favorite Movies";
			};
			name = Debug;
		};
		65DC00D62022A92D00F56D3E /* Release */ = {
			isa = XCBuildConfiguration;
			buildSettings = {
				ALWAYS_EMBED_SWIFT_STANDARD_LIBRARIES = YES;
				BUNDLE_LOADER = "$(TEST_HOST)";
				CODE_SIGN_STYLE = Automatic;
				DEVELOPMENT_TEAM = C9R438Z887;
				INFOPLIST_FILE = "My Favorite MoviesTests/Info.plist";
				LD_RUNPATH_SEARCH_PATHS = "$(inherited) @executable_path/Frameworks @loader_path/Frameworks";
				PRODUCT_BUNDLE_IDENTIFIER = "vineet0713.My-Favorite-MoviesTests";
				PRODUCT_NAME = "$(TARGET_NAME)";
				SWIFT_VERSION = 4.0;
				TARGETED_DEVICE_FAMILY = "1,2";
				TEST_HOST = "$(BUILT_PRODUCTS_DIR)/My Favorite Movies.app/My Favorite Movies";
			};
			name = Release;
		};
		65DC00D82022A92D00F56D3E /* Debug */ = {
			isa = XCBuildConfiguration;
			buildSettings = {
				ALWAYS_EMBED_SWIFT_STANDARD_LIBRARIES = YES;
				CODE_SIGN_STYLE = Automatic;
				DEVELOPMENT_TEAM = C9R438Z887;
				INFOPLIST_FILE = "My Favorite MoviesUITests/Info.plist";
				LD_RUNPATH_SEARCH_PATHS = "$(inherited) @executable_path/Frameworks @loader_path/Frameworks";
				PRODUCT_BUNDLE_IDENTIFIER = "vineet0713.My-Favorite-MoviesUITests";
				PRODUCT_NAME = "$(TARGET_NAME)";
				SWIFT_VERSION = 4.0;
				TARGETED_DEVICE_FAMILY = "1,2";
				TEST_TARGET_NAME = "My Favorite Movies";
			};
			name = Debug;
		};
		65DC00D92022A92D00F56D3E /* Release */ = {
			isa = XCBuildConfiguration;
			buildSettings = {
				ALWAYS_EMBED_SWIFT_STANDARD_LIBRARIES = YES;
				CODE_SIGN_STYLE = Automatic;
				DEVELOPMENT_TEAM = C9R438Z887;
				INFOPLIST_FILE = "My Favorite MoviesUITests/Info.plist";
				LD_RUNPATH_SEARCH_PATHS = "$(inherited) @executable_path/Frameworks @loader_path/Frameworks";
				PRODUCT_BUNDLE_IDENTIFIER = "vineet0713.My-Favorite-MoviesUITests";
				PRODUCT_NAME = "$(TARGET_NAME)";
				SWIFT_VERSION = 4.0;
				TARGETED_DEVICE_FAMILY = "1,2";
				TEST_TARGET_NAME = "My Favorite Movies";
			};
			name = Release;
		};
/* End XCBuildConfiguration section */

/* Begin XCConfigurationList section */
		65DC00A42022A92D00F56D3E /* Build configuration list for PBXProject "My Favorite Movies" */ = {
			isa = XCConfigurationList;
			buildConfigurations = (
				65DC00CF2022A92D00F56D3E /* Debug */,
				65DC00D02022A92D00F56D3E /* Release */,
			);
			defaultConfigurationIsVisible = 0;
			defaultConfigurationName = Release;
		};
		65DC00D12022A92D00F56D3E /* Build configuration list for PBXNativeTarget "My Favorite Movies" */ = {
			isa = XCConfigurationList;
			buildConfigurations = (
				65DC00D22022A92D00F56D3E /* Debug */,
				65DC00D32022A92D00F56D3E /* Release */,
			);
			defaultConfigurationIsVisible = 0;
			defaultConfigurationName = Release;
		};
		65DC00D42022A92D00F56D3E /* Build configuration list for PBXNativeTarget "My Favorite MoviesTests" */ = {
			isa = XCConfigurationList;
			buildConfigurations = (
				65DC00D52022A92D00F56D3E /* Debug */,
				65DC00D62022A92D00F56D3E /* Release */,
			);
			defaultConfigurationIsVisible = 0;
			defaultConfigurationName = Release;
		};
		65DC00D72022A92D00F56D3E /* Build configuration list for PBXNativeTarget "My Favorite MoviesUITests" */ = {
			isa = XCConfigurationList;
			buildConfigurations = (
				65DC00D82022A92D00F56D3E /* Debug */,
				65DC00D92022A92D00F56D3E /* Release */,
			);
			defaultConfigurationIsVisible = 0;
			defaultConfigurationName = Release;
		};
/* End XCConfigurationList section */
	};
	rootObject = 65DC00A12022A92D00F56D3E /* Project object */;
}
